
Microsoft Visual Studio Solution File, Format Version 12.00
# Visual Studio Version 17
VisualStudioVersion = 17.0.31903.59
MinimumVisualStudioVersion = 10.0.40219.1
Project("{FAE04EC0-301F-11D3-BF4B-00C04F79EFBC}") = "CRMDev.Web", "CRMDev.Web\CRMDev.Web.csproj", "{45DAED8B-3A3A-4DE0-AB9E-6C5B18BBCF56}"
EndProject
Project("{FAE04EC0-301F-11D3-BF4B-00C04F79EFBC}") = "CRMDev.API", "CRMDev.API\CRMDev.API.csproj", "{8DA8572B-2599-4F0E-9B53-9D448A475399}"
EndProject
Global
	GlobalSection(SolutionConfigurationPlatforms) = preSolution
		Debug|Any CPU = Debug|Any CPU
		Release|Any CPU = Release|Any CPU
	EndGlobalSection
	GlobalSection(SolutionProperties) = preSolution
		HideSolutionNode = FALSE
	EndGlobalSection
	GlobalSection(ProjectConfigurationPlatforms) = postSolution
		{45DAED8B-3A3A-4DE0-AB9E-6C5B18BBCF56}.Debug|Any CPU.ActiveCfg = Debug|Any CPU
		{45DAED8B-3A3A-4DE0-AB9E-6C5B18BBCF56}.Debug|Any CPU.Build.0 = Debug|Any CPU
		{45DAED8B-3A3A-4DE0-AB9E-6C5B18BBCF56}.Release|Any CPU.ActiveCfg = Release|Any CPU
		{45DAED8B-3A3A-4DE0-AB9E-6C5B18BBCF56}.Release|Any CPU.Build.0 = Release|Any CPU
		{8DA8572B-2599-4F0E-9B53-9D448A475399}.Debug|Any CPU.ActiveCfg = Debug|Any CPU
		{8DA8572B-2599-4F0E-9B53-9D448A475399}.Debug|Any CPU.Build.0 = Debug|Any CPU
		{8DA8572B-2599-4F0E-9B53-9D448A475399}.Release|Any CPU.ActiveCfg = Release|Any CPU
		{8DA8572B-2599-4F0E-9B53-9D448A475399}.Release|Any CPU.Build.0 = Release|Any CPU
	EndGlobalSection
EndGlobal
